
Microsoft Visual Studio Solution File, Format Version 12.00
# Visual Studio Version 16
VisualStudioVersion = 16.0.29709.97
MinimumVisualStudioVersion = 10.0.40219.1
Project("{8BC9CEB8-8B4A-11D0-8D11-00A0C91BC942}") = "ElecrticDevice", "ElecrticDevice\ElecrticDevice.vcxproj", "{F3AA3C70-3D9B-4A51-90A0-A764CA5B1054}"
EndProject
Global
	GlobalSection(SolutionConfigurationPlatforms) = preSolution
		Debug|x64 = Debug|x64
		Debug|x86 = Debug|x86
		Release|x64 = Release|x64
		Release|x86 = Release|x86
	EndGlobalSection
	GlobalSection(ProjectConfigurationPlatforms) = postSolution
		{F3AA3C70-3D9B-4A51-90A0-A764CA5B1054}.Debug|x64.ActiveCfg = Debug|x64
		{F3AA3C70-3D9B-4A51-90A0-A764CA5B1054}.Debug|x64.Build.0 = Debug|x64
		{F3AA3C70-3D9B-4A51-90A0-A764CA5B1054}.Debug|x86.ActiveCfg = Debug|Win32
		{F3AA3C70-3D9B-4A51-90A0-A764CA5B1054}.Debug|x86.Build.0 = Debug|Win32
		{F3AA3C70-3D9B-4A51-90A0-A764CA5B1054}.Release|x64.ActiveCfg = Release|x64
		{F3AA3C70-3D9B-4A51-90A0-A764CA5B1054}.Release|x64.Build.0 = Release|x64
		{F3AA3C70-3D9B-4A51-90A0-A764CA5B1054}.Release|x86.ActiveCfg = Release|Win32
		{F3AA3C70-3D9B-4A51-90A0-A764CA5B1054}.Release|x86.Build.0 = Release|Win32
	EndGlobalSection
	GlobalSection(SolutionProperties) = preSolution
		HideSolutionNode = FALSE
	EndGlobalSection
	GlobalSection(ExtensibilityGlobals) = postSolution
		SolutionGuid = {DA542F49-30FD-4967-A05B-6E32A0491F28}
	EndGlobalSection
EndGlobal
